// !$*UTF8*$!
{
	archiveVersion = 1;
	classes = {
	};
	objectVersion = 48;
	objects = {

/* Begin PBXBuildFile section */
		083465362072117B00840622 /* MDDDescriptor.h in Headers */ = {isa = PBXBuildFile; fileRef = 0834652B2072117900840622 /* MDDDescriptor.h */; settings = {ATTRIBUTES = (Public, ); }; };
		083465372072117B00840622 /* MDDDescriptor.m in Sources */ = {isa = PBXBuildFile; fileRef = 0834652C2072117900840622 /* MDDDescriptor.m */; };
		083465382072117B00840622 /* MDDConditionSet.m in Sources */ = {isa = PBXBuildFile; fileRef = 0834652D2072117900840622 /* MDDConditionSet.m */; };
		083465392072117B00840622 /* MDDConditionSet.h in Headers */ = {isa = PBXBuildFile; fileRef = 0834652E2072117A00840622 /* MDDConditionSet.h */; settings = {ATTRIBUTES = (Public, ); }; };
		0834653A2072117B00840622 /* MDDCondition.m in Sources */ = {isa = PBXBuildFile; fileRef = 0834652F2072117A00840622 /* MDDCondition.m */; };
		0834653B2072117B00840622 /* MDDCondition+MDDConditionSet.m in Sources */ = {isa = PBXBuildFile; fileRef = 083465302072117A00840622 /* MDDCondition+MDDConditionSet.m */; };
		0834653D2072117B00840622 /* MDDPropertyValueDescriptor.h in Headers */ = {isa = PBXBuildFile; fileRef = 083465322072117A00840622 /* MDDPropertyValueDescriptor.h */; settings = {ATTRIBUTES = (Public, ); }; };
		0834653E2072117B00840622 /* MDDCondition+MDDConditionSet.h in Headers */ = {isa = PBXBuildFile; fileRef = 083465332072117A00840622 /* MDDCondition+MDDConditionSet.h */; settings = {ATTRIBUTES = (Public, ); }; };
		0834653F2072117B00840622 /* MDDCondition.h in Headers */ = {isa = PBXBuildFile; fileRef = 083465342072117A00840622 /* MDDCondition.h */; settings = {ATTRIBUTES = (Public, ); }; };
		083465402072117B00840622 /* MDDPropertyValueDescriptor.m in Sources */ = {isa = PBXBuildFile; fileRef = 083465352072117B00840622 /* MDDPropertyValueDescriptor.m */; };
		08346543207214F700840622 /* MDDDescription.h in Headers */ = {isa = PBXBuildFile; fileRef = 08346541207214F700840622 /* MDDDescription.h */; settings = {ATTRIBUTES = (Public, ); }; };
		08346544207214F700840622 /* MDDDescription.m in Sources */ = {isa = PBXBuildFile; fileRef = 08346542207214F700840622 /* MDDDescription.m */; };
		084378392068A11300806964 /* MDDIndex.h in Headers */ = {isa = PBXBuildFile; fileRef = 084378362068A11200806964 /* MDDIndex.h */; settings = {ATTRIBUTES = (Public, ); }; };
		0843783A2068A11300806964 /* MDDIndex.m in Sources */ = {isa = PBXBuildFile; fileRef = 084378372068A11300806964 /* MDDIndex.m */; };
		0843784B206A011E00806964 /* MDDAccessorTests.m in Sources */ = {isa = PBXBuildFile; fileRef = 0843784A206A011E00806964 /* MDDAccessorTests.m */; };
		0843784D206A01E800806964 /* MDDProcessorTests.m in Sources */ = {isa = PBXBuildFile; fileRef = 0843784C206A01E800806964 /* MDDProcessorTests.m */; };
		08437851206A033000806964 /* MDDColumnTests.m in Sources */ = {isa = PBXBuildFile; fileRef = 08437850206A033000806964 /* MDDColumnTests.m */; };
		08468FBA1FF3A6120063068C /* MDObjectDatabase.framework in Frameworks */ = {isa = PBXBuildFile; fileRef = 08468FB01FF3A6120063068C /* MDObjectDatabase.framework */; };
		08468FBF1FF3A6120063068C /* MDDatabaseTests.m in Sources */ = {isa = PBXBuildFile; fileRef = 08468FBE1FF3A6120063068C /* MDDatabaseTests.m */; };
		08478DD22067BF710015F09A /* MDDTableConfiguration.h in Headers */ = {isa = PBXBuildFile; fileRef = 08478DD02067BF710015F09A /* MDDTableConfiguration.h */; settings = {ATTRIBUTES = (Public, ); }; };
		08478DD32067BF710015F09A /* MDDTableConfiguration.m in Sources */ = {isa = PBXBuildFile; fileRef = 08478DD12067BF710015F09A /* MDDTableConfiguration.m */; };
		08478DDA2067C69D0015F09A /* MDDCompat.h in Headers */ = {isa = PBXBuildFile; fileRef = 08478DD82067C69D0015F09A /* MDDCompat.h */; settings = {ATTRIBUTES = (Public, ); }; };
		08478DDB2067C69D0015F09A /* MDDCompat.m in Sources */ = {isa = PBXBuildFile; fileRef = 08478DD92067C69D0015F09A /* MDDCompat.m */; };
		08478DDD2067CAF10015F09A /* MDDErrorCode.h in Headers */ = {isa = PBXBuildFile; fileRef = 08478DDC2067CAF10015F09A /* MDDErrorCode.h */; settings = {ATTRIBUTES = (Public, ); }; };
		08478DE12067CE420015F09A /* MDDErrorCode.m in Sources */ = {isa = PBXBuildFile; fileRef = 08478DE02067CE420015F09A /* MDDErrorCode.m */; };
		08478DE32067CE730015F09A /* MDDMacros.h in Headers */ = {isa = PBXBuildFile; fileRef = 08478DE22067CE730015F09A /* MDDMacros.h */; settings = {ATTRIBUTES = (Public, ); }; };
		08478DE52067D30A0015F09A /* MDDObject.m in Sources */ = {isa = PBXBuildFile; fileRef = 08478DE42067D30A0015F09A /* MDDObject.m */; };
		08478DF22067F46C0015F09A /* MDDatabaseCenter.h in Headers */ = {isa = PBXBuildFile; fileRef = 08478DF02067F46C0015F09A /* MDDatabaseCenter.h */; settings = {ATTRIBUTES = (Public, ); }; };
		08478DF32067F46C0015F09A /* MDDatabaseCenter.m in Sources */ = {isa = PBXBuildFile; fileRef = 08478DF12067F46C0015F09A /* MDDatabaseCenter.m */; };
		08478DF82067FB920015F09A /* MDDatabase+MDDAccessor.h in Headers */ = {isa = PBXBuildFile; fileRef = 08478DF62067FB920015F09A /* MDDatabase+MDDAccessor.h */; settings = {ATTRIBUTES = (Public, ); }; };
		08478DF92067FB920015F09A /* MDDatabase+MDDAccessor.m in Sources */ = {isa = PBXBuildFile; fileRef = 08478DF72067FB920015F09A /* MDDatabase+MDDAccessor.m */; };
		084CF3A7207B5F1200AE9600 /* MDDItem.h in Headers */ = {isa = PBXBuildFile; fileRef = 084CF3A5207B5F1200AE9600 /* MDDItem.h */; settings = {ATTRIBUTES = (Public, ); }; };
		084CF3A8207B5F1200AE9600 /* MDDItem.m in Sources */ = {isa = PBXBuildFile; fileRef = 084CF3A6207B5F1200AE9600 /* MDDItem.m */; };
		0850A3B42064C7DB0022B36B /* MDDSetter.h in Headers */ = {isa = PBXBuildFile; fileRef = 0850A3B22064C7DB0022B36B /* MDDSetter.h */; settings = {ATTRIBUTES = (Public, ); }; };
		0850A3B52064C7DB0022B36B /* MDDSetter.m in Sources */ = {isa = PBXBuildFile; fileRef = 0850A3B32064C7DB0022B36B /* MDDSetter.m */; };
		0850A3B82064C8030022B36B /* MDDSort.h in Headers */ = {isa = PBXBuildFile; fileRef = 0850A3B62064C8030022B36B /* MDDSort.h */; settings = {ATTRIBUTES = (Public, ); }; };
		0850A3B92064C8030022B36B /* MDDSort.m in Sources */ = {isa = PBXBuildFile; fileRef = 0850A3B72064C8030022B36B /* MDDSort.m */; };
		0850A3BC2064C82A0022B36B /* MDDQuery.h in Headers */ = {isa = PBXBuildFile; fileRef = 0850A3BA2064C82A0022B36B /* MDDQuery.h */; settings = {ATTRIBUTES = (Public, ); }; };
		0850A3BD2064C82A0022B36B /* MDDQuery.m in Sources */ = {isa = PBXBuildFile; fileRef = 0850A3BB2064C82A0022B36B /* MDDQuery.m */; };
		0850A3C02064C8720022B36B /* MDDUpdater.h in Headers */ = {isa = PBXBuildFile; fileRef = 0850A3BE2064C8720022B36B /* MDDUpdater.h */; settings = {ATTRIBUTES = (Public, ); }; };
		0850A3C12064C8720022B36B /* MDDUpdater.m in Sources */ = {isa = PBXBuildFile; fileRef = 0850A3BF2064C8720022B36B /* MDDUpdater.m */; };
		0850A3C42064C8960022B36B /* MDDInsertSetter.h in Headers */ = {isa = PBXBuildFile; fileRef = 0850A3C22064C8960022B36B /* MDDInsertSetter.h */; settings = {ATTRIBUTES = (Public, ); }; };
		0850A3C52064C8960022B36B /* MDDInsertSetter.m in Sources */ = {isa = PBXBuildFile; fileRef = 0850A3C32064C8960022B36B /* MDDInsertSetter.m */; };
		0850A3C82064C8C40022B36B /* MDDInserter.h in Headers */ = {isa = PBXBuildFile; fileRef = 0850A3C62064C8C40022B36B /* MDDInserter.h */; settings = {ATTRIBUTES = (Public, ); }; };
		0850A3C92064C8C40022B36B /* MDDInserter.m in Sources */ = {isa = PBXBuildFile; fileRef = 0850A3C72064C8C40022B36B /* MDDInserter.m */; };
		0850A3CC2064C9080022B36B /* MDDDeleter.h in Headers */ = {isa = PBXBuildFile; fileRef = 0850A3CA2064C9080022B36B /* MDDDeleter.h */; settings = {ATTRIBUTES = (Public, ); }; };
		0850A3CD2064C9080022B36B /* MDDDeleter.m in Sources */ = {isa = PBXBuildFile; fileRef = 0850A3CB2064C9080022B36B /* MDDDeleter.m */; };
		0850A3D02064C9330022B36B /* MDDFunctionQuery.h in Headers */ = {isa = PBXBuildFile; fileRef = 0850A3CE2064C9330022B36B /* MDDFunctionQuery.h */; settings = {ATTRIBUTES = (Public, ); }; };
		0850A3D12064C9330022B36B /* MDDFunctionQuery.m in Sources */ = {isa = PBXBuildFile; fileRef = 0850A3CF2064C9330022B36B /* MDDFunctionQuery.m */; };
		0850A3FF2064E7100022B36B /* MDDConditionTests.m in Sources */ = {isa = PBXBuildFile; fileRef = 0850A3FE2064E7100022B36B /* MDDConditionTests.m */; };
		0850A4022064E7880022B36B /* MDDatabaseTestsGlobal.m in Sources */ = {isa = PBXBuildFile; fileRef = 0850A4012064E7880022B36B /* MDDatabaseTestsGlobal.m */; };
		0850A4062064EB160022B36B /* MDObjectDatabase.h in Headers */ = {isa = PBXBuildFile; fileRef = 0850A4052064EB160022B36B /* MDObjectDatabase.h */; settings = {ATTRIBUTES = (Public, ); }; };
		0856E6C320AAC5B60063C2D5 /* MDDProcessor+Private.h in Headers */ = {isa = PBXBuildFile; fileRef = 0856E6BF20AAC5B60063C2D5 /* MDDProcessor+Private.h */; };
		0856E6C420AAC5B60063C2D5 /* MDDProcessor+MDDatabase.m in Sources */ = {isa = PBXBuildFile; fileRef = 0856E6C020AAC5B60063C2D5 /* MDDProcessor+MDDatabase.m */; };
		0856E6C520AAC5B60063C2D5 /* MDDProcessor+MDDatabase.h in Headers */ = {isa = PBXBuildFile; fileRef = 0856E6C120AAC5B60063C2D5 /* MDDProcessor+MDDatabase.h */; };
		0856E6C620AAC5B60063C2D5 /* MDDQuery+Private.h in Headers */ = {isa = PBXBuildFile; fileRef = 0856E6C220AAC5B60063C2D5 /* MDDQuery+Private.h */; };
		0856E6D220AAC6000063C2D5 /* MDDViewInfo+Private.h in Headers */ = {isa = PBXBuildFile; fileRef = 0856E6C720AAC6000063C2D5 /* MDDViewInfo+Private.h */; };
		0856E6D320AAC6000063C2D5 /* MDDatabase+Executing.m in Sources */ = {isa = PBXBuildFile; fileRef = 0856E6C820AAC6000063C2D5 /* MDDatabase+Executing.m */; };
		0856E6D420AAC6000063C2D5 /* MDDCompat+Private.h in Headers */ = {isa = PBXBuildFile; fileRef = 0856E6C920AAC6000063C2D5 /* MDDCompat+Private.h */; };
		0856E6D520AAC6000063C2D5 /* MDDatabase+Executing.h in Headers */ = {isa = PBXBuildFile; fileRef = 0856E6CA20AAC6000063C2D5 /* MDDatabase+Executing.h */; };
		0856E6D620AAC6000063C2D5 /* MDDObject+Private.h in Headers */ = {isa = PBXBuildFile; fileRef = 0856E6CB20AAC6000063C2D5 /* MDDObject+Private.h */; };
		0856E6D720AAC6000063C2D5 /* MDDColumn+Private.h in Headers */ = {isa = PBXBuildFile; fileRef = 0856E6CC20AAC6000063C2D5 /* MDDColumn+Private.h */; };
		0856E6D820AAC6000063C2D5 /* MDDTableConfiguration+Private.h in Headers */ = {isa = PBXBuildFile; fileRef = 0856E6CD20AAC6000063C2D5 /* MDDTableConfiguration+Private.h */; };
		0856E6D920AAC6000063C2D5 /* MDDConditionSet+Private.h in Headers */ = {isa = PBXBuildFile; fileRef = 0856E6CE20AAC6000063C2D5 /* MDDConditionSet+Private.h */; };
		0856E6DA20AAC6000063C2D5 /* MDDIndex+Private.h in Headers */ = {isa = PBXBuildFile; fileRef = 0856E6CF20AAC6000063C2D5 /* MDDIndex+Private.h */; };
		0856E6DB20AAC6000063C2D5 /* MDDTableInfo+Private.h in Headers */ = {isa = PBXBuildFile; fileRef = 0856E6D020AAC6000063C2D5 /* MDDTableInfo+Private.h */; };
		0856E6DC20AAC6000063C2D5 /* MDDatabase+Private.h in Headers */ = {isa = PBXBuildFile; fileRef = 0856E6D120AAC6000063C2D5 /* MDDatabase+Private.h */; };
		0856E6E120AAC6510063C2D5 /* MDDLogger.h in Headers */ = {isa = PBXBuildFile; fileRef = 0856E6DD20AAC6510063C2D5 /* MDDLogger.h */; };
		0856E6E220AAC6510063C2D5 /* MDDLogger.m in Sources */ = {isa = PBXBuildFile; fileRef = 0856E6DE20AAC6510063C2D5 /* MDDLogger.m */; };
		0856E6E320AAC6510063C2D5 /* MDPropertyAttributes.m in Sources */ = {isa = PBXBuildFile; fileRef = 0856E6DF20AAC6510063C2D5 /* MDPropertyAttributes.m */; };
		0856E6E420AAC6510063C2D5 /* MDPropertyAttributes.h in Headers */ = {isa = PBXBuildFile; fileRef = 0856E6E020AAC6510063C2D5 /* MDPropertyAttributes.h */; };
		08AD796720628DF4004122D2 /* MDDObject.h in Headers */ = {isa = PBXBuildFile; fileRef = 08AD795620628DF3004122D2 /* MDDObject.h */; settings = {ATTRIBUTES = (Public, ); }; };
		08AD796820628DF4004122D2 /* MDDColumn.h in Headers */ = {isa = PBXBuildFile; fileRef = 08AD795720628DF3004122D2 /* MDDColumn.h */; settings = {ATTRIBUTES = (Public, ); }; };
		08AD796A20628DF4004122D2 /* MDDColumnConfiguration.m in Sources */ = {isa = PBXBuildFile; fileRef = 08AD795920628DF3004122D2 /* MDDColumnConfiguration.m */; };
		08AD796B20628DF4004122D2 /* MDDTableInfo.m in Sources */ = {isa = PBXBuildFile; fileRef = 08AD795A20628DF3004122D2 /* MDDTableInfo.m */; };
		08AD796E20628DF4004122D2 /* MDDColumnConfiguration.h in Headers */ = {isa = PBXBuildFile; fileRef = 08AD795D20628DF3004122D2 /* MDDColumnConfiguration.h */; settings = {ATTRIBUTES = (Public, ); }; };
		08AD796F20628DF4004122D2 /* MDDatabase.h in Headers */ = {isa = PBXBuildFile; fileRef = 08AD795E20628DF3004122D2 /* MDDatabase.h */; settings = {ATTRIBUTES = (Public, ); }; };
		08AD797020628DF4004122D2 /* MDDTableInfo.h in Headers */ = {isa = PBXBuildFile; fileRef = 08AD795F20628DF4004122D2 /* MDDTableInfo.h */; settings = {ATTRIBUTES = (Public, ); }; };
		08AD797220628DF4004122D2 /* MDDatabase.m in Sources */ = {isa = PBXBuildFile; fileRef = 08AD796120628DF4004122D2 /* MDDatabase.m */; };
		08AD797320628DF4004122D2 /* MDDColumn.m in Sources */ = {isa = PBXBuildFile; fileRef = 08AD796220628DF4004122D2 /* MDDColumn.m */; };
		08AD798620628DFD004122D2 /* MDDConstants.m in Sources */ = {isa = PBXBuildFile; fileRef = 08AD797920628DFC004122D2 /* MDDConstants.m */; };
		08AD798920628DFD004122D2 /* MDDAccessor.m in Sources */ = {isa = PBXBuildFile; fileRef = 08AD797C20628DFC004122D2 /* MDDAccessor.m */; };
		08AD798A20628DFD004122D2 /* MDDAccessor.h in Headers */ = {isa = PBXBuildFile; fileRef = 08AD797D20628DFC004122D2 /* MDDAccessor.h */; settings = {ATTRIBUTES = (Public, ); }; };
		08AD798B20628DFD004122D2 /* MDDConstants.h in Headers */ = {isa = PBXBuildFile; fileRef = 08AD797E20628DFC004122D2 /* MDDConstants.h */; settings = {ATTRIBUTES = (Public, ); }; };
		08B7B332206C97B900BF2393 /* MDDReferenceDatabase.h in Headers */ = {isa = PBXBuildFile; fileRef = 08B7B331206C97B900BF2393 /* MDDReferenceDatabase.h */; settings = {ATTRIBUTES = (Public, ); }; };
		08B7B339206CB2AF00BF2393 /* FMDB+MDDReferenceDatabase.m in Sources */ = {isa = PBXBuildFile; fileRef = 08B7B337206CB2AF00BF2393 /* FMDB+MDDReferenceDatabase.m */; };
		08D69E2F206E224500F77F7F /* MDDViewInfo.h in Headers */ = {isa = PBXBuildFile; fileRef = 08D69E2D206E224500F77F7F /* MDDViewInfo.h */; settings = {ATTRIBUTES = (Public, ); }; };
		08D69E30206E224500F77F7F /* MDDViewInfo.m in Sources */ = {isa = PBXBuildFile; fileRef = 08D69E2E206E224500F77F7F /* MDDViewInfo.m */; };
		08D69E33206E230900F77F7F /* MDDViewConfiguration.h in Headers */ = {isa = PBXBuildFile; fileRef = 08D69E31206E230900F77F7F /* MDDViewConfiguration.h */; settings = {ATTRIBUTES = (Public, ); }; };
		08D69E34206E230900F77F7F /* MDDViewConfiguration.m in Sources */ = {isa = PBXBuildFile; fileRef = 08D69E32206E230900F77F7F /* MDDViewConfiguration.m */; };
		08ECBFF820664E6F00FEA9AA /* MDDProcessor.h in Headers */ = {isa = PBXBuildFile; fileRef = 08ECBFF620664E6F00FEA9AA /* MDDProcessor.h */; settings = {ATTRIBUTES = (Public, ); }; };
		08ECBFF920664E6F00FEA9AA /* MDDProcessor.m in Sources */ = {isa = PBXBuildFile; fileRef = 08ECBFF720664E6F00FEA9AA /* MDDProcessor.m */; };
		08F6BDF52063FEAE0073963E /* MDDRange.h in Headers */ = {isa = PBXBuildFile; fileRef = 08F6BDF42063FEAE0073963E /* MDDRange.h */; settings = {ATTRIBUTES = (Public, ); }; };
		76BD677B63FBD78B2CDCC6FC /* Pods_MDDatabaseTargets_MDObjectDatabaseTests.framework in Frameworks */ = {isa = PBXBuildFile; fileRef = 6B6F16A6FD7DFD76CC7CBBE3 /* Pods_MDDatabaseTargets_MDObjectDatabaseTests.framework */; };
/* End PBXBuildFile section */

/* Begin PBXContainerItemProxy section */
		08468FBB1FF3A6120063068C /* PBXContainerItemProxy */ = {
			isa = PBXContainerItemProxy;
			containerPortal = 08468FA71FF3A6120063068C /* Project object */;
			proxyType = 1;
			remoteGlobalIDString = 08468FAF1FF3A6120063068C;
			remoteInfo = MDDatabase;
		};
/* End PBXContainerItemProxy section */

/* Begin PBXFileReference section */
		0834652B2072117900840622 /* MDDDescriptor.h */ = {isa = PBXFileReference; fileEncoding = 4; lastKnownFileType = sourcecode.c.h; path = MDDDescriptor.h; sourceTree = "<group>"; };
		0834652C2072117900840622 /* MDDDescriptor.m */ = {isa = PBXFileReference; fileEncoding = 4; lastKnownFileType = sourcecode.c.objc; path = MDDDescriptor.m; sourceTree = "<group>"; };
		0834652D2072117900840622 /* MDDConditionSet.m */ = {isa = PBXFileReference; fileEncoding = 4; lastKnownFileType = sourcecode.c.objc; path = MDDConditionSet.m; sourceTree = "<group>"; };
		0834652E2072117A00840622 /* MDDConditionSet.h */ = {isa = PBXFileReference; fileEncoding = 4; lastKnownFileType = sourcecode.c.h; path = MDDConditionSet.h; sourceTree = "<group>"; };
		0834652F2072117A00840622 /* MDDCondition.m */ = {isa = PBXFileReference; fileEncoding = 4; lastKnownFileType = sourcecode.c.objc; path = MDDCondition.m; sourceTree = "<group>"; };
		083465302072117A00840622 /* MDDCondition+MDDConditionSet.m */ = {isa = PBXFileReference; fileEncoding = 4; lastKnownFileType = sourcecode.c.objc; path = "MDDCondition+MDDConditionSet.m"; sourceTree = "<group>"; };
		083465322072117A00840622 /* MDDPropertyValueDescriptor.h */ = {isa = PBXFileReference; fileEncoding = 4; lastKnownFileType = sourcecode.c.h; path = MDDPropertyValueDescriptor.h; sourceTree = "<group>"; };
		083465332072117A00840622 /* MDDCondition+MDDConditionSet.h */ = {isa = PBXFileReference; fileEncoding = 4; lastKnownFileType = sourcecode.c.h; path = "MDDCondition+MDDConditionSet.h"; sourceTree = "<group>"; };
		083465342072117A00840622 /* MDDCondition.h */ = {isa = PBXFileReference; fileEncoding = 4; lastKnownFileType = sourcecode.c.h; path = MDDCondition.h; sourceTree = "<group>"; };
		083465352072117B00840622 /* MDDPropertyValueDescriptor.m */ = {isa = PBXFileReference; fileEncoding = 4; lastKnownFileType = sourcecode.c.objc; path = MDDPropertyValueDescriptor.m; sourceTree = "<group>"; };
		08346541207214F700840622 /* MDDDescription.h */ = {isa = PBXFileReference; fileEncoding = 4; lastKnownFileType = sourcecode.c.h; path = MDDDescription.h; sourceTree = "<group>"; };
		08346542207214F700840622 /* MDDDescription.m */ = {isa = PBXFileReference; fileEncoding = 4; lastKnownFileType = sourcecode.c.objc; path = MDDDescription.m; sourceTree = "<group>"; };
		084378362068A11200806964 /* MDDIndex.h */ = {isa = PBXFileReference; fileEncoding = 4; lastKnownFileType = sourcecode.c.h; path = MDDIndex.h; sourceTree = "<group>"; };
		084378372068A11300806964 /* MDDIndex.m */ = {isa = PBXFileReference; fileEncoding = 4; lastKnownFileType = sourcecode.c.objc; path = MDDIndex.m; sourceTree = "<group>"; };
		0843784A206A011E00806964 /* MDDAccessorTests.m */ = {isa = PBXFileReference; lastKnownFileType = sourcecode.c.objc; path = MDDAccessorTests.m; sourceTree = "<group>"; };
		0843784C206A01E800806964 /* MDDProcessorTests.m */ = {isa = PBXFileReference; lastKnownFileType = sourcecode.c.objc; path = MDDProcessorTests.m; sourceTree = "<group>"; };
		08437850206A033000806964 /* MDDColumnTests.m */ = {isa = PBXFileReference; lastKnownFileType = sourcecode.c.objc; path = MDDColumnTests.m; sourceTree = "<group>"; };
		08468FB01FF3A6120063068C /* MDObjectDatabase.framework */ = {isa = PBXFileReference; explicitFileType = wrapper.framework; includeInIndex = 0; path = MDObjectDatabase.framework; sourceTree = BUILT_PRODUCTS_DIR; };
		08468FB41FF3A6120063068C /* Info.plist */ = {isa = PBXFileReference; lastKnownFileType = text.plist.xml; path = Info.plist; sourceTree = "<group>"; };
		08468FB91FF3A6120063068C /* MDObjectDatabaseTests.xctest */ = {isa = PBXFileReference; explicitFileType = wrapper.cfbundle; includeInIndex = 0; path = MDObjectDatabaseTests.xctest; sourceTree = BUILT_PRODUCTS_DIR; };
		08468FBE1FF3A6120063068C /* MDDatabaseTests.m */ = {isa = PBXFileReference; lastKnownFileType = sourcecode.c.objc; path = MDDatabaseTests.m; sourceTree = "<group>"; };
		08468FC01FF3A6120063068C /* Info.plist */ = {isa = PBXFileReference; lastKnownFileType = text.plist.xml; path = Info.plist; sourceTree = "<group>"; };
		08478DD02067BF710015F09A /* MDDTableConfiguration.h */ = {isa = PBXFileReference; lastKnownFileType = sourcecode.c.h; path = MDDTableConfiguration.h; sourceTree = "<group>"; };
		08478DD12067BF710015F09A /* MDDTableConfiguration.m */ = {isa = PBXFileReference; lastKnownFileType = sourcecode.c.objc; path = MDDTableConfiguration.m; sourceTree = "<group>"; };
		08478DD82067C69D0015F09A /* MDDCompat.h */ = {isa = PBXFileReference; lastKnownFileType = sourcecode.c.h; path = MDDCompat.h; sourceTree = "<group>"; };
		08478DD92067C69D0015F09A /* MDDCompat.m */ = {isa = PBXFileReference; lastKnownFileType = sourcecode.c.objc; path = MDDCompat.m; sourceTree = "<group>"; };
		08478DDC2067CAF10015F09A /* MDDErrorCode.h */ = {isa = PBXFileReference; lastKnownFileType = sourcecode.c.h; path = MDDErrorCode.h; sourceTree = "<group>"; };
		08478DE02067CE420015F09A /* MDDErrorCode.m */ = {isa = PBXFileReference; lastKnownFileType = sourcecode.c.objc; path = MDDErrorCode.m; sourceTree = "<group>"; };
		08478DE22067CE730015F09A /* MDDMacros.h */ = {isa = PBXFileReference; fileEncoding = 4; lastKnownFileType = sourcecode.c.h; path = MDDMacros.h; sourceTree = "<group>"; };
		08478DE42067D30A0015F09A /* MDDObject.m */ = {isa = PBXFileReference; lastKnownFileType = sourcecode.c.objc; path = MDDObject.m; sourceTree = "<group>"; };
		08478DF02067F46C0015F09A /* MDDatabaseCenter.h */ = {isa = PBXFileReference; lastKnownFileType = sourcecode.c.h; path = MDDatabaseCenter.h; sourceTree = "<group>"; };
		08478DF12067F46C0015F09A /* MDDatabaseCenter.m */ = {isa = PBXFileReference; lastKnownFileType = sourcecode.c.objc; path = MDDatabaseCenter.m; sourceTree = "<group>"; };
		08478DF62067FB920015F09A /* MDDatabase+MDDAccessor.h */ = {isa = PBXFileReference; lastKnownFileType = sourcecode.c.h; path = "MDDatabase+MDDAccessor.h"; sourceTree = "<group>"; };
		08478DF72067FB920015F09A /* MDDatabase+MDDAccessor.m */ = {isa = PBXFileReference; lastKnownFileType = sourcecode.c.objc; path = "MDDatabase+MDDAccessor.m"; sourceTree = "<group>"; };
		084CF3A5207B5F1200AE9600 /* MDDItem.h */ = {isa = PBXFileReference; fileEncoding = 4; lastKnownFileType = sourcecode.c.h; path = MDDItem.h; sourceTree = "<group>"; };
		084CF3A6207B5F1200AE9600 /* MDDItem.m */ = {isa = PBXFileReference; fileEncoding = 4; lastKnownFileType = sourcecode.c.objc; path = MDDItem.m; sourceTree = "<group>"; };
		0850A3B22064C7DB0022B36B /* MDDSetter.h */ = {isa = PBXFileReference; lastKnownFileType = sourcecode.c.h; path = MDDSetter.h; sourceTree = "<group>"; };
		0850A3B32064C7DB0022B36B /* MDDSetter.m */ = {isa = PBXFileReference; lastKnownFileType = sourcecode.c.objc; path = MDDSetter.m; sourceTree = "<group>"; };
		0850A3B62064C8030022B36B /* MDDSort.h */ = {isa = PBXFileReference; lastKnownFileType = sourcecode.c.h; path = MDDSort.h; sourceTree = "<group>"; };
		0850A3B72064C8030022B36B /* MDDSort.m */ = {isa = PBXFileReference; lastKnownFileType = sourcecode.c.objc; path = MDDSort.m; sourceTree = "<group>"; };
		0850A3BA2064C82A0022B36B /* MDDQuery.h */ = {isa = PBXFileReference; lastKnownFileType = sourcecode.c.h; path = MDDQuery.h; sourceTree = "<group>"; };
		0850A3BB2064C82A0022B36B /* MDDQuery.m */ = {isa = PBXFileReference; lastKnownFileType = sourcecode.c.objc; path = MDDQuery.m; sourceTree = "<group>"; };
		0850A3BE2064C8720022B36B /* MDDUpdater.h */ = {isa = PBXFileReference; lastKnownFileType = sourcecode.c.h; path = MDDUpdater.h; sourceTree = "<group>"; };
		0850A3BF2064C8720022B36B /* MDDUpdater.m */ = {isa = PBXFileReference; lastKnownFileType = sourcecode.c.objc; path = MDDUpdater.m; sourceTree = "<group>"; };
		0850A3C22064C8960022B36B /* MDDInsertSetter.h */ = {isa = PBXFileReference; lastKnownFileType = sourcecode.c.h; path = MDDInsertSetter.h; sourceTree = "<group>"; };
		0850A3C32064C8960022B36B /* MDDInsertSetter.m */ = {isa = PBXFileReference; lastKnownFileType = sourcecode.c.objc; path = MDDInsertSetter.m; sourceTree = "<group>"; };
		0850A3C62064C8C40022B36B /* MDDInserter.h */ = {isa = PBXFileReference; lastKnownFileType = sourcecode.c.h; path = MDDInserter.h; sourceTree = "<group>"; };
		0850A3C72064C8C40022B36B /* MDDInserter.m */ = {isa = PBXFileReference; lastKnownFileType = sourcecode.c.objc; path = MDDInserter.m; sourceTree = "<group>"; };
		0850A3CA2064C9080022B36B /* MDDDeleter.h */ = {isa = PBXFileReference; lastKnownFileType = sourcecode.c.h; path = MDDDeleter.h; sourceTree = "<group>"; };
		0850A3CB2064C9080022B36B /* MDDDeleter.m */ = {isa = PBXFileReference; lastKnownFileType = sourcecode.c.objc; path = MDDDeleter.m; sourceTree = "<group>"; };
		0850A3CE2064C9330022B36B /* MDDFunctionQuery.h */ = {isa = PBXFileReference; lastKnownFileType = sourcecode.c.h; path = MDDFunctionQuery.h; sourceTree = "<group>"; };
		0850A3CF2064C9330022B36B /* MDDFunctionQuery.m */ = {isa = PBXFileReference; lastKnownFileType = sourcecode.c.objc; path = MDDFunctionQuery.m; sourceTree = "<group>"; };
		0850A3FE2064E7100022B36B /* MDDConditionTests.m */ = {isa = PBXFileReference; lastKnownFileType = sourcecode.c.objc; path = MDDConditionTests.m; sourceTree = "<group>"; };
		0850A4002064E7880022B36B /* MDDatabaseTestsGlobal.h */ = {isa = PBXFileReference; lastKnownFileType = sourcecode.c.h; path = MDDatabaseTestsGlobal.h; sourceTree = "<group>"; };
		0850A4012064E7880022B36B /* MDDatabaseTestsGlobal.m */ = {isa = PBXFileReference; lastKnownFileType = sourcecode.c.objc; path = MDDatabaseTestsGlobal.m; sourceTree = "<group>"; };
		0850A4052064EB160022B36B /* MDObjectDatabase.h */ = {isa = PBXFileReference; lastKnownFileType = sourcecode.c.h; path = MDObjectDatabase.h; sourceTree = "<group>"; };
		0856E6BF20AAC5B60063C2D5 /* MDDProcessor+Private.h */ = {isa = PBXFileReference; fileEncoding = 4; lastKnownFileType = sourcecode.c.h; path = "MDDProcessor+Private.h"; sourceTree = "<group>"; };
		0856E6C020AAC5B60063C2D5 /* MDDProcessor+MDDatabase.m */ = {isa = PBXFileReference; fileEncoding = 4; lastKnownFileType = sourcecode.c.objc; path = "MDDProcessor+MDDatabase.m"; sourceTree = "<group>"; };
		0856E6C120AAC5B60063C2D5 /* MDDProcessor+MDDatabase.h */ = {isa = PBXFileReference; fileEncoding = 4; lastKnownFileType = sourcecode.c.h; path = "MDDProcessor+MDDatabase.h"; sourceTree = "<group>"; };
		0856E6C220AAC5B60063C2D5 /* MDDQuery+Private.h */ = {isa = PBXFileReference; fileEncoding = 4; lastKnownFileType = sourcecode.c.h; path = "MDDQuery+Private.h"; sourceTree = "<group>"; };
		0856E6C720AAC6000063C2D5 /* MDDViewInfo+Private.h */ = {isa = PBXFileReference; fileEncoding = 4; lastKnownFileType = sourcecode.c.h; path = "MDDViewInfo+Private.h"; sourceTree = "<group>"; };
		0856E6C820AAC6000063C2D5 /* MDDatabase+Executing.m */ = {isa = PBXFileReference; fileEncoding = 4; lastKnownFileType = sourcecode.c.objc; path = "MDDatabase+Executing.m"; sourceTree = "<group>"; };
		0856E6C920AAC6000063C2D5 /* MDDCompat+Private.h */ = {isa = PBXFileReference; fileEncoding = 4; lastKnownFileType = sourcecode.c.h; path = "MDDCompat+Private.h"; sourceTree = "<group>"; };
		0856E6CA20AAC6000063C2D5 /* MDDatabase+Executing.h */ = {isa = PBXFileReference; fileEncoding = 4; lastKnownFileType = sourcecode.c.h; path = "MDDatabase+Executing.h"; sourceTree = "<group>"; };
		0856E6CB20AAC6000063C2D5 /* MDDObject+Private.h */ = {isa = PBXFileReference; fileEncoding = 4; lastKnownFileType = sourcecode.c.h; path = "MDDObject+Private.h"; sourceTree = "<group>"; };
		0856E6CC20AAC6000063C2D5 /* MDDColumn+Private.h */ = {isa = PBXFileReference; fileEncoding = 4; lastKnownFileType = sourcecode.c.h; path = "MDDColumn+Private.h"; sourceTree = "<group>"; };
		0856E6CD20AAC6000063C2D5 /* MDDTableConfiguration+Private.h */ = {isa = PBXFileReference; fileEncoding = 4; lastKnownFileType = sourcecode.c.h; path = "MDDTableConfiguration+Private.h"; sourceTree = "<group>"; };
		0856E6CE20AAC6000063C2D5 /* MDDConditionSet+Private.h */ = {isa = PBXFileReference; fileEncoding = 4; lastKnownFileType = sourcecode.c.h; path = "MDDConditionSet+Private.h"; sourceTree = "<group>"; };
		0856E6CF20AAC6000063C2D5 /* MDDIndex+Private.h */ = {isa = PBXFileReference; fileEncoding = 4; lastKnownFileType = sourcecode.c.h; path = "MDDIndex+Private.h"; sourceTree = "<group>"; };
		0856E6D020AAC6000063C2D5 /* MDDTableInfo+Private.h */ = {isa = PBXFileReference; fileEncoding = 4; lastKnownFileType = sourcecode.c.h; path = "MDDTableInfo+Private.h"; sourceTree = "<group>"; };
		0856E6D120AAC6000063C2D5 /* MDDatabase+Private.h */ = {isa = PBXFileReference; fileEncoding = 4; lastKnownFileType = sourcecode.c.h; path = "MDDatabase+Private.h"; sourceTree = "<group>"; };
		0856E6DD20AAC6510063C2D5 /* MDDLogger.h */ = {isa = PBXFileReference; fileEncoding = 4; lastKnownFileType = sourcecode.c.h; path = MDDLogger.h; sourceTree = "<group>"; };
		0856E6DE20AAC6510063C2D5 /* MDDLogger.m */ = {isa = PBXFileReference; fileEncoding = 4; lastKnownFileType = sourcecode.c.objc; path = MDDLogger.m; sourceTree = "<group>"; };
		0856E6DF20AAC6510063C2D5 /* MDPropertyAttributes.m */ = {isa = PBXFileReference; fileEncoding = 4; lastKnownFileType = sourcecode.c.objc; path = MDPropertyAttributes.m; sourceTree = "<group>"; };
		0856E6E020AAC6510063C2D5 /* MDPropertyAttributes.h */ = {isa = PBXFileReference; fileEncoding = 4; lastKnownFileType = sourcecode.c.h; path = MDPropertyAttributes.h; sourceTree = "<group>"; };
		08AD795620628DF3004122D2 /* MDDObject.h */ = {isa = PBXFileReference; fileEncoding = 4; lastKnownFileType = sourcecode.c.h; path = MDDObject.h; sourceTree = "<group>"; };
		08AD795720628DF3004122D2 /* MDDColumn.h */ = {isa = PBXFileReference; fileEncoding = 4; lastKnownFileType = sourcecode.c.h; path = MDDColumn.h; sourceTree = "<group>"; };
		08AD795920628DF3004122D2 /* MDDColumnConfiguration.m */ = {isa = PBXFileReference; fileEncoding = 4; lastKnownFileType = sourcecode.c.objc; path = MDDColumnConfiguration.m; sourceTree = "<group>"; };
		08AD795A20628DF3004122D2 /* MDDTableInfo.m */ = {isa = PBXFileReference; fileEncoding = 4; lastKnownFileType = sourcecode.c.objc; path = MDDTableInfo.m; sourceTree = "<group>"; };
		08AD795D20628DF3004122D2 /* MDDColumnConfiguration.h */ = {isa = PBXFileReference; fileEncoding = 4; lastKnownFileType = sourcecode.c.h; path = MDDColumnConfiguration.h; sourceTree = "<group>"; };
		08AD795E20628DF3004122D2 /* MDDatabase.h */ = {isa = PBXFileReference; fileEncoding = 4; lastKnownFileType = sourcecode.c.h; path = MDDatabase.h; sourceTree = "<group>"; };
		08AD795F20628DF4004122D2 /* MDDTableInfo.h */ = {isa = PBXFileReference; fileEncoding = 4; lastKnownFileType = sourcecode.c.h; path = MDDTableInfo.h; sourceTree = "<group>"; };
		08AD796120628DF4004122D2 /* MDDatabase.m */ = {isa = PBXFileReference; fileEncoding = 4; lastKnownFileType = sourcecode.c.objc; path = MDDatabase.m; sourceTree = "<group>"; };
		08AD796220628DF4004122D2 /* MDDColumn.m */ = {isa = PBXFileReference; fileEncoding = 4; lastKnownFileType = sourcecode.c.objc; path = MDDColumn.m; sourceTree = "<group>"; };
		08AD797920628DFC004122D2 /* MDDConstants.m */ = {isa = PBXFileReference; fileEncoding = 4; lastKnownFileType = sourcecode.c.objc; path = MDDConstants.m; sourceTree = "<group>"; };
		08AD797C20628DFC004122D2 /* MDDAccessor.m */ = {isa = PBXFileReference; fileEncoding = 4; lastKnownFileType = sourcecode.c.objc; lineEnding = 0; path = MDDAccessor.m; sourceTree = "<group>"; };
		08AD797D20628DFC004122D2 /* MDDAccessor.h */ = {isa = PBXFileReference; fileEncoding = 4; lastKnownFileType = sourcecode.c.h; path = MDDAccessor.h; sourceTree = "<group>"; };
		08AD797E20628DFC004122D2 /* MDDConstants.h */ = {isa = PBXFileReference; fileEncoding = 4; lastKnownFileType = sourcecode.c.h; path = MDDConstants.h; sourceTree = "<group>"; };
		08B7B331206C97B900BF2393 /* MDDReferenceDatabase.h */ = {isa = PBXFileReference; lastKnownFileType = sourcecode.c.h; path = MDDReferenceDatabase.h; sourceTree = "<group>"; };
		08B7B337206CB2AF00BF2393 /* FMDB+MDDReferenceDatabase.m */ = {isa = PBXFileReference; fileEncoding = 4; lastKnownFileType = sourcecode.c.objc; path = "FMDB+MDDReferenceDatabase.m"; sourceTree = "<group>"; };
		08B7B338206CB2AF00BF2393 /* FMDB+MDDReferenceDatabase.h */ = {isa = PBXFileReference; fileEncoding = 4; lastKnownFileType = sourcecode.c.h; path = "FMDB+MDDReferenceDatabase.h"; sourceTree = "<group>"; };
		08D69E2D206E224500F77F7F /* MDDViewInfo.h */ = {isa = PBXFileReference; lastKnownFileType = sourcecode.c.h; path = MDDViewInfo.h; sourceTree = "<group>"; };
		08D69E2E206E224500F77F7F /* MDDViewInfo.m */ = {isa = PBXFileReference; lastKnownFileType = sourcecode.c.objc; path = MDDViewInfo.m; sourceTree = "<group>"; };
		08D69E31206E230900F77F7F /* MDDViewConfiguration.h */ = {isa = PBXFileReference; lastKnownFileType = sourcecode.c.h; path = MDDViewConfiguration.h; sourceTree = "<group>"; };
		08D69E32206E230900F77F7F /* MDDViewConfiguration.m */ = {isa = PBXFileReference; lastKnownFileType = sourcecode.c.objc; path = MDDViewConfiguration.m; sourceTree = "<group>"; };
		08ECBFF620664E6F00FEA9AA /* MDDProcessor.h */ = {isa = PBXFileReference; lastKnownFileType = sourcecode.c.h; path = MDDProcessor.h; sourceTree = "<group>"; };
		08ECBFF720664E6F00FEA9AA /* MDDProcessor.m */ = {isa = PBXFileReference; lastKnownFileType = sourcecode.c.objc; path = MDDProcessor.m; sourceTree = "<group>"; };
		08F6BDF42063FEAE0073963E /* MDDRange.h */ = {isa = PBXFileReference; fileEncoding = 4; lastKnownFileType = sourcecode.c.h; path = MDDRange.h; sourceTree = "<group>"; };
		30FF8406E57AE1283AF8FEB7 /* Pods_MDDatabaseTargets_MDDatabase.framework */ = {isa = PBXFileReference; explicitFileType = wrapper.framework; includeInIndex = 0; path = Pods_MDDatabaseTargets_MDDatabase.framework; sourceTree = BUILT_PRODUCTS_DIR; };
		3E3A9B01D05B1BC4CBB04D9E /* Pods-MDDatabaseTargets-MDObjectDatabaseTests.release.xcconfig */ = {isa = PBXFileReference; includeInIndex = 1; lastKnownFileType = text.xcconfig; name = "Pods-MDDatabaseTargets-MDObjectDatabaseTests.release.xcconfig"; path = "Pods/Target Support Files/Pods-MDDatabaseTargets-MDObjectDatabaseTests/Pods-MDDatabaseTargets-MDObjectDatabaseTests.release.xcconfig"; sourceTree = "<group>"; };
		49DE303ECEF868472DE20F33 /* Pods-MDDatabaseTargets-MDObjectDatabaseTests.debug.xcconfig */ = {isa = PBXFileReference; includeInIndex = 1; lastKnownFileType = text.xcconfig; name = "Pods-MDDatabaseTargets-MDObjectDatabaseTests.debug.xcconfig"; path = "Pods/Target Support Files/Pods-MDDatabaseTargets-MDObjectDatabaseTests/Pods-MDDatabaseTargets-MDObjectDatabaseTests.debug.xcconfig"; sourceTree = "<group>"; };
		5FB99F099C777224EB8925C5 /* Pods-MDDatabaseTargets-MDDatabase.release.xcconfig */ = {isa = PBXFileReference; includeInIndex = 1; lastKnownFileType = text.xcconfig; name = "Pods-MDDatabaseTargets-MDDatabase.release.xcconfig"; path = "Pods/Target Support Files/Pods-MDDatabaseTargets-MDDatabase/Pods-MDDatabaseTargets-MDDatabase.release.xcconfig"; sourceTree = "<group>"; };
		6B6F16A6FD7DFD76CC7CBBE3 /* Pods_MDDatabaseTargets_MDObjectDatabaseTests.framework */ = {isa = PBXFileReference; explicitFileType = wrapper.framework; includeInIndex = 0; path = Pods_MDDatabaseTargets_MDObjectDatabaseTests.framework; sourceTree = BUILT_PRODUCTS_DIR; };
		756763450A4C4908F9BC80C5 /* Pods-MDDatabaseTargets-MDDatabase.debug.xcconfig */ = {isa = PBXFileReference; includeInIndex = 1; lastKnownFileType = text.xcconfig; name = "Pods-MDDatabaseTargets-MDDatabase.debug.xcconfig"; path = "Pods/Target Support Files/Pods-MDDatabaseTargets-MDDatabase/Pods-MDDatabaseTargets-MDDatabase.debug.xcconfig"; sourceTree = "<group>"; };
		A85D79AD9B32D1B4A0497FCE /* Pods_MDDatabaseTargets_MDObjectDatabase.framework */ = {isa = PBXFileReference; explicitFileType = wrapper.framework; includeInIndex = 0; path = Pods_MDDatabaseTargets_MDObjectDatabase.framework; sourceTree = BUILT_PRODUCTS_DIR; };
/* End PBXFileReference section */

/* Begin PBXFrameworksBuildPhase section */
		08468FAC1FF3A6120063068C /* Frameworks */ = {
			isa = PBXFrameworksBuildPhase;
			buildActionMask = 2147483647;
			files = (
			);
			runOnlyForDeploymentPostprocessing = 0;
		};
		08468FB61FF3A6120063068C /* Frameworks */ = {
			isa = PBXFrameworksBuildPhase;
			buildActionMask = 2147483647;
			files = (
				08468FBA1FF3A6120063068C /* MDObjectDatabase.framework in Frameworks */,
				76BD677B63FBD78B2CDCC6FC /* Pods_MDDatabaseTargets_MDObjectDatabaseTests.framework in Frameworks */,
			);
			runOnlyForDeploymentPostprocessing = 0;
		};
/* End PBXFrameworksBuildPhase section */

/* Begin PBXGroup section */
		08468FA61FF3A6120063068C = {
			isa = PBXGroup;
			children = (
				08468FB41FF3A6120063068C /* Info.plist */,
				08468FB21FF3A6120063068C /* MDObjectDatabase */,
				08468FBD1FF3A6120063068C /* MDObjectDatabaseTests */,
				08468FB11FF3A6120063068C /* Products */,
				4FCA528CE5E9B084F37E4D60 /* Pods */,
				8B2F3AAEC8B9BF1E1B5DA4C3 /* Frameworks */,
			);
			sourceTree = "<group>";
		};
		08468FB11FF3A6120063068C /* Products */ = {
			isa = PBXGroup;
			children = (
				08468FB01FF3A6120063068C /* MDObjectDatabase.framework */,
				08468FB91FF3A6120063068C /* MDObjectDatabaseTests.xctest */,
			);
			name = Products;
			sourceTree = "<group>";
		};
		08468FB21FF3A6120063068C /* MDObjectDatabase */ = {
			isa = PBXGroup;
			children = (
				0850A4052064EB160022B36B /* MDObjectDatabase.h */,
				0856E6BE20AAC5840063C2D5 /* AccessPrivate */,
				0856E6BD20AAC5840063C2D5 /* DatabasePrivate */,
				08468FCC1FF3A7390063068C /* Access */,
				08468FD71FF3A7390063068C /* Database */,
			);
			path = MDObjectDatabase;
			sourceTree = "<group>";
		};
		08468FBD1FF3A6120063068C /* MDObjectDatabaseTests */ = {
			isa = PBXGroup;
			children = (
				08B7B338206CB2AF00BF2393 /* FMDB+MDDReferenceDatabase.h */,
				08B7B337206CB2AF00BF2393 /* FMDB+MDDReferenceDatabase.m */,
				0850A4002064E7880022B36B /* MDDatabaseTestsGlobal.h */,
				0850A4012064E7880022B36B /* MDDatabaseTestsGlobal.m */,
				08437850206A033000806964 /* MDDColumnTests.m */,
				0850A3FE2064E7100022B36B /* MDDConditionTests.m */,
				0843784A206A011E00806964 /* MDDAccessorTests.m */,
				0843784C206A01E800806964 /* MDDProcessorTests.m */,
				08468FBE1FF3A6120063068C /* MDDatabaseTests.m */,
				08468FC01FF3A6120063068C /* Info.plist */,
			);
			path = MDObjectDatabaseTests;
			sourceTree = "<group>";
		};
		08468FCC1FF3A7390063068C /* Access */ = {
			isa = PBXGroup;
			children = (
				08AD797E20628DFC004122D2 /* MDDConstants.h */,
				08AD797920628DFC004122D2 /* MDDConstants.m */,
				08AD797D20628DFC004122D2 /* MDDAccessor.h */,
				08AD797C20628DFC004122D2 /* MDDAccessor.m */,
				08478DF62067FB920015F09A /* MDDatabase+MDDAccessor.h */,
				08478DF72067FB920015F09A /* MDDatabase+MDDAccessor.m */,
				08ECBFF620664E6F00FEA9AA /* MDDProcessor.h */,
				08ECBFF720664E6F00FEA9AA /* MDDProcessor.m */,
				0850A3B22064C7DB0022B36B /* MDDSetter.h */,
				0850A3B32064C7DB0022B36B /* MDDSetter.m */,
				0850A3C22064C8960022B36B /* MDDInsertSetter.h */,
				0850A3C32064C8960022B36B /* MDDInsertSetter.m */,
				0850A3B62064C8030022B36B /* MDDSort.h */,
				0850A3B72064C8030022B36B /* MDDSort.m */,
				0850A3BA2064C82A0022B36B /* MDDQuery.h */,
				0850A3BB2064C82A0022B36B /* MDDQuery.m */,
				0850A3CE2064C9330022B36B /* MDDFunctionQuery.h */,
				0850A3CF2064C9330022B36B /* MDDFunctionQuery.m */,
				0850A3BE2064C8720022B36B /* MDDUpdater.h */,
				0850A3BF2064C8720022B36B /* MDDUpdater.m */,
				0850A3C62064C8C40022B36B /* MDDInserter.h */,
				0850A3C72064C8C40022B36B /* MDDInserter.m */,
				0850A3CA2064C9080022B36B /* MDDDeleter.h */,
				0850A3CB2064C9080022B36B /* MDDDeleter.m */,
			);
			path = Access;
			sourceTree = "<group>";
		};
		08468FD71FF3A7390063068C /* Database */ = {
			isa = PBXGroup;
			children = (
				08478DE22067CE730015F09A /* MDDMacros.h */,
				08F6BDF42063FEAE0073963E /* MDDRange.h */,
				08478DDC2067CAF10015F09A /* MDDErrorCode.h */,
				08478DE02067CE420015F09A /* MDDErrorCode.m */,
				0834652B2072117900840622 /* MDDDescriptor.h */,
				0834652C2072117900840622 /* MDDDescriptor.m */,
				083465322072117A00840622 /* MDDPropertyValueDescriptor.h */,
				083465352072117B00840622 /* MDDPropertyValueDescriptor.m */,
				083465342072117A00840622 /* MDDCondition.h */,
				0834652F2072117A00840622 /* MDDCondition.m */,
				083465332072117A00840622 /* MDDCondition+MDDConditionSet.h */,
				083465302072117A00840622 /* MDDCondition+MDDConditionSet.m */,
				0834652E2072117A00840622 /* MDDConditionSet.h */,
				0834652D2072117900840622 /* MDDConditionSet.m */,
				08346541207214F700840622 /* MDDDescription.h */,
				08346542207214F700840622 /* MDDDescription.m */,
				084CF3A5207B5F1200AE9600 /* MDDItem.h */,
				084CF3A6207B5F1200AE9600 /* MDDItem.m */,
				08AD795620628DF3004122D2 /* MDDObject.h */,
				08478DE42067D30A0015F09A /* MDDObject.m */,
				08478DF02067F46C0015F09A /* MDDatabaseCenter.h */,
				08478DF12067F46C0015F09A /* MDDatabaseCenter.m */,
				08AD795E20628DF3004122D2 /* MDDatabase.h */,
				08AD796120628DF4004122D2 /* MDDatabase.m */,
				08478DD82067C69D0015F09A /* MDDCompat.h */,
				08478DD92067C69D0015F09A /* MDDCompat.m */,
				08AD795D20628DF3004122D2 /* MDDColumnConfiguration.h */,
				08AD795920628DF3004122D2 /* MDDColumnConfiguration.m */,
				08478DD02067BF710015F09A /* MDDTableConfiguration.h */,
				08478DD12067BF710015F09A /* MDDTableConfiguration.m */,
				08AD795F20628DF4004122D2 /* MDDTableInfo.h */,
				08AD795A20628DF3004122D2 /* MDDTableInfo.m */,
				08D69E31206E230900F77F7F /* MDDViewConfiguration.h */,
				08D69E32206E230900F77F7F /* MDDViewConfiguration.m */,
				08D69E2D206E224500F77F7F /* MDDViewInfo.h */,
				08D69E2E206E224500F77F7F /* MDDViewInfo.m */,
				08AD795720628DF3004122D2 /* MDDColumn.h */,
				08AD796220628DF4004122D2 /* MDDColumn.m */,
				084378362068A11200806964 /* MDDIndex.h */,
				084378372068A11300806964 /* MDDIndex.m */,
				08B7B331206C97B900BF2393 /* MDDReferenceDatabase.h */,
			);
			path = Database;
			sourceTree = "<group>";
		};
		0856E6BD20AAC5840063C2D5 /* DatabasePrivate */ = {
			isa = PBXGroup;
			children = (
				0856E6DD20AAC6510063C2D5 /* MDDLogger.h */,
				0856E6DE20AAC6510063C2D5 /* MDDLogger.m */,
				0856E6E020AAC6510063C2D5 /* MDPropertyAttributes.h */,
				0856E6DF20AAC6510063C2D5 /* MDPropertyAttributes.m */,
				0856E6CA20AAC6000063C2D5 /* MDDatabase+Executing.h */,
				0856E6C820AAC6000063C2D5 /* MDDatabase+Executing.m */,
				0856E6D120AAC6000063C2D5 /* MDDatabase+Private.h */,
				0856E6CC20AAC6000063C2D5 /* MDDColumn+Private.h */,
				0856E6C920AAC6000063C2D5 /* MDDCompat+Private.h */,
				0856E6CE20AAC6000063C2D5 /* MDDConditionSet+Private.h */,
				0856E6CF20AAC6000063C2D5 /* MDDIndex+Private.h */,
				0856E6CB20AAC6000063C2D5 /* MDDObject+Private.h */,
				0856E6CD20AAC6000063C2D5 /* MDDTableConfiguration+Private.h */,
				0856E6D020AAC6000063C2D5 /* MDDTableInfo+Private.h */,
				0856E6C720AAC6000063C2D5 /* MDDViewInfo+Private.h */,
			);
			path = DatabasePrivate;
			sourceTree = "<group>";
		};
		0856E6BE20AAC5840063C2D5 /* AccessPrivate */ = {
			isa = PBXGroup;
			children = (
				0856E6C120AAC5B60063C2D5 /* MDDProcessor+MDDatabase.h */,
				0856E6C020AAC5B60063C2D5 /* MDDProcessor+MDDatabase.m */,
				0856E6BF20AAC5B60063C2D5 /* MDDProcessor+Private.h */,
				0856E6C220AAC5B60063C2D5 /* MDDQuery+Private.h */,
			);
			path = AccessPrivate;
			sourceTree = "<group>";
		};
		4FCA528CE5E9B084F37E4D60 /* Pods */ = {
			isa = PBXGroup;
			children = (
				756763450A4C4908F9BC80C5 /* Pods-MDDatabaseTargets-MDDatabase.debug.xcconfig */,
				5FB99F099C777224EB8925C5 /* Pods-MDDatabaseTargets-MDDatabase.release.xcconfig */,
				49DE303ECEF868472DE20F33 /* Pods-MDDatabaseTargets-MDObjectDatabaseTests.debug.xcconfig */,
				3E3A9B01D05B1BC4CBB04D9E /* Pods-MDDatabaseTargets-MDObjectDatabaseTests.release.xcconfig */,
			);
			name = Pods;
			sourceTree = "<group>";
		};
		8B2F3AAEC8B9BF1E1B5DA4C3 /* Frameworks */ = {
			isa = PBXGroup;
			children = (
				30FF8406E57AE1283AF8FEB7 /* Pods_MDDatabaseTargets_MDDatabase.framework */,
				A85D79AD9B32D1B4A0497FCE /* Pods_MDDatabaseTargets_MDObjectDatabase.framework */,
				6B6F16A6FD7DFD76CC7CBBE3 /* Pods_MDDatabaseTargets_MDObjectDatabaseTests.framework */,
			);
			name = Frameworks;
			sourceTree = "<group>";
		};
/* End PBXGroup section */

/* Begin PBXHeadersBuildPhase section */
		08468FAD1FF3A6120063068C /* Headers */ = {
			isa = PBXHeadersBuildPhase;
			buildActionMask = 2147483647;
			files = (
				08478DF22067F46C0015F09A /* MDDatabaseCenter.h in Headers */,
				08AD796720628DF4004122D2 /* MDDObject.h in Headers */,
				0850A3D02064C9330022B36B /* MDDFunctionQuery.h in Headers */,
				0850A3CC2064C9080022B36B /* MDDDeleter.h in Headers */,
				0856E6C620AAC5B60063C2D5 /* MDDQuery+Private.h in Headers */,
				0834653D2072117B00840622 /* MDDPropertyValueDescriptor.h in Headers */,
				083465362072117B00840622 /* MDDDescriptor.h in Headers */,
				08AD798B20628DFD004122D2 /* MDDConstants.h in Headers */,
				0856E6D420AAC6000063C2D5 /* MDDCompat+Private.h in Headers */,
				08AD796E20628DF4004122D2 /* MDDColumnConfiguration.h in Headers */,
				0856E6DB20AAC6000063C2D5 /* MDDTableInfo+Private.h in Headers */,
				0856E6D820AAC6000063C2D5 /* MDDTableConfiguration+Private.h in Headers */,
				0834653F2072117B00840622 /* MDDCondition.h in Headers */,
				08478DE32067CE730015F09A /* MDDMacros.h in Headers */,
				0850A3C02064C8720022B36B /* MDDUpdater.h in Headers */,
				083465392072117B00840622 /* MDDConditionSet.h in Headers */,
				0850A3C82064C8C40022B36B /* MDDInserter.h in Headers */,
				0856E6D620AAC6000063C2D5 /* MDDObject+Private.h in Headers */,
				0856E6D520AAC6000063C2D5 /* MDDatabase+Executing.h in Headers */,
				0850A3B82064C8030022B36B /* MDDSort.h in Headers */,
				0856E6E420AAC6510063C2D5 /* MDPropertyAttributes.h in Headers */,
				08B7B332206C97B900BF2393 /* MDDReferenceDatabase.h in Headers */,
				08AD796820628DF4004122D2 /* MDDColumn.h in Headers */,
				0856E6D720AAC6000063C2D5 /* MDDColumn+Private.h in Headers */,
				084378392068A11300806964 /* MDDIndex.h in Headers */,
				08D69E33206E230900F77F7F /* MDDViewConfiguration.h in Headers */,
				08AD798A20628DFD004122D2 /* MDDAccessor.h in Headers */,
				08ECBFF820664E6F00FEA9AA /* MDDProcessor.h in Headers */,
				0856E6DA20AAC6000063C2D5 /* MDDIndex+Private.h in Headers */,
				0850A3C42064C8960022B36B /* MDDInsertSetter.h in Headers */,
				08478DDD2067CAF10015F09A /* MDDErrorCode.h in Headers */,
				0850A3BC2064C82A0022B36B /* MDDQuery.h in Headers */,
				0856E6C520AAC5B60063C2D5 /* MDDProcessor+MDDatabase.h in Headers */,
				08AD796F20628DF4004122D2 /* MDDatabase.h in Headers */,
				08478DDA2067C69D0015F09A /* MDDCompat.h in Headers */,
				08346543207214F700840622 /* MDDDescription.h in Headers */,
				0850A4062064EB160022B36B /* MDObjectDatabase.h in Headers */,
				0834653E2072117B00840622 /* MDDCondition+MDDConditionSet.h in Headers */,
				08AD797020628DF4004122D2 /* MDDTableInfo.h in Headers */,
				0856E6E120AAC6510063C2D5 /* MDDLogger.h in Headers */,
				0856E6DC20AAC6000063C2D5 /* MDDatabase+Private.h in Headers */,
				0856E6C320AAC5B60063C2D5 /* MDDProcessor+Private.h in Headers */,
				0850A3B42064C7DB0022B36B /* MDDSetter.h in Headers */,
				0856E6D220AAC6000063C2D5 /* MDDViewInfo+Private.h in Headers */,
				084CF3A7207B5F1200AE9600 /* MDDItem.h in Headers */,
				08F6BDF52063FEAE0073963E /* MDDRange.h in Headers */,
				08478DD22067BF710015F09A /* MDDTableConfiguration.h in Headers */,
				0856E6D920AAC6000063C2D5 /* MDDConditionSet+Private.h in Headers */,
				08478DF82067FB920015F09A /* MDDatabase+MDDAccessor.h in Headers */,
				08D69E2F206E224500F77F7F /* MDDViewInfo.h in Headers */,
			);
			runOnlyForDeploymentPostprocessing = 0;
		};
/* End PBXHeadersBuildPhase section */

/* Begin PBXNativeTarget section */
		08468FAF1FF3A6120063068C /* MDObjectDatabase */ = {
			isa = PBXNativeTarget;
			buildConfigurationList = 08468FC41FF3A6120063068C /* Build configuration list for PBXNativeTarget "MDObjectDatabase" */;
			buildPhases = (
				08468FAB1FF3A6120063068C /* Sources */,
				08468FAC1FF3A6120063068C /* Frameworks */,
				08468FAD1FF3A6120063068C /* Headers */,
				08468FAE1FF3A6120063068C /* Resources */,
			);
			buildRules = (
			);
			dependencies = (
			);
			name = MDObjectDatabase;
			productName = MDDatabase;
			productReference = 08468FB01FF3A6120063068C /* MDObjectDatabase.framework */;
			productType = "com.apple.product-type.framework";
		};
		08468FB81FF3A6120063068C /* MDObjectDatabaseTests */ = {
			isa = PBXNativeTarget;
			buildConfigurationList = 08468FC71FF3A6120063068C /* Build configuration list for PBXNativeTarget "MDObjectDatabaseTests" */;
			buildPhases = (
				5A81E283A5232C1B5785FA51 /* [CP] Check Pods Manifest.lock */,
				08468FB51FF3A6120063068C /* Sources */,
				08468FB61FF3A6120063068C /* Frameworks */,
				08468FB71FF3A6120063068C /* Resources */,
				88FE93FAC399E5D0C5F7106D /* [CP] Embed Pods Frameworks */,
				4FE467031F93702633EC3628 /* [CP] Copy Pods Resources */,
			);
			buildRules = (
			);
			dependencies = (
				08468FBC1FF3A6120063068C /* PBXTargetDependency */,
			);
			name = MDObjectDatabaseTests;
			productName = MDDatabaseTests;
			productReference = 08468FB91FF3A6120063068C /* MDObjectDatabaseTests.xctest */;
			productType = "com.apple.product-type.bundle.unit-test";
		};
/* End PBXNativeTarget section */

/* Begin PBXProject section */
		08468FA71FF3A6120063068C /* Project object */ = {
			isa = PBXProject;
			attributes = {
				LastUpgradeCheck = 0930;
				ORGANIZATIONNAME = markejave;
				TargetAttributes = {
					08468FAF1FF3A6120063068C = {
						CreatedOnToolsVersion = 9.2;
						ProvisioningStyle = Automatic;
					};
					08468FB81FF3A6120063068C = {
						CreatedOnToolsVersion = 9.2;
						ProvisioningStyle = Automatic;
					};
				};
			};
			buildConfigurationList = 08468FAA1FF3A6120063068C /* Build configuration list for PBXProject "MDObjectDatabase" */;
			compatibilityVersion = "Xcode 8.0";
			developmentRegion = en;
			hasScannedForEncodings = 0;
			knownRegions = (
				en,
			);
			mainGroup = 08468FA61FF3A6120063068C;
			productRefGroup = 08468FB11FF3A6120063068C /* Products */;
			projectDirPath = "";
			projectRoot = "";
			targets = (
				08468FAF1FF3A6120063068C /* MDObjectDatabase */,
				08468FB81FF3A6120063068C /* MDObjectDatabaseTests */,
			);
		};
/* End PBXProject section */

/* Begin PBXResourcesBuildPhase section */
		08468FAE1FF3A6120063068C /* Resources */ = {
			isa = PBXResourcesBuildPhase;
			buildActionMask = 2147483647;
			files = (
			);
			runOnlyForDeploymentPostprocessing = 0;
		};
		08468FB71FF3A6120063068C /* Resources */ = {
			isa = PBXResourcesBuildPhase;
			buildActionMask = 2147483647;
			files = (
			);
			runOnlyForDeploymentPostprocessing = 0;
		};
/* End PBXResourcesBuildPhase section */

/* Begin PBXShellScriptBuildPhase section */
		4FE467031F93702633EC3628 /* [CP] Copy Pods Resources */ = {
			isa = PBXShellScriptBuildPhase;
			buildActionMask = 2147483647;
			files = (
			);
			inputPaths = (
			);
			name = "[CP] Copy Pods Resources";
			outputPaths = (
			);
			runOnlyForDeploymentPostprocessing = 0;
			shellPath = /bin/sh;
			shellScript = "\"${SRCROOT}/Pods/Target Support Files/Pods-MDDatabaseTargets-MDObjectDatabaseTests/Pods-MDDatabaseTargets-MDObjectDatabaseTests-resources.sh\"\n";
			showEnvVarsInLog = 0;
		};
		5A81E283A5232C1B5785FA51 /* [CP] Check Pods Manifest.lock */ = {
			isa = PBXShellScriptBuildPhase;
			buildActionMask = 2147483647;
			files = (
			);
			inputPaths = (
			);
			name = "[CP] Check Pods Manifest.lock";
			outputPaths = (
			);
			runOnlyForDeploymentPostprocessing = 0;
			shellPath = /bin/sh;
			shellScript = "diff \"${PODS_PODFILE_DIR_PATH}/Podfile.lock\" \"${PODS_ROOT}/Manifest.lock\" > /dev/null\nif [ $? != 0 ] ; then\n    # print error to STDERR\n    echo \"error: The sandbox is not in sync with the Podfile.lock. Run 'pod install' or update your CocoaPods installation.\" >&2\n    exit 1\nfi\n";
			showEnvVarsInLog = 0;
		};
		88FE93FAC399E5D0C5F7106D /* [CP] Embed Pods Frameworks */ = {
			isa = PBXShellScriptBuildPhase;
			buildActionMask = 2147483647;
			files = (
			);
			inputPaths = (
			);
			name = "[CP] Embed Pods Frameworks";
			outputPaths = (
			);
			runOnlyForDeploymentPostprocessing = 0;
			shellPath = /bin/sh;
			shellScript = "\"${SRCROOT}/Pods/Target Support Files/Pods-MDDatabaseTargets-MDObjectDatabaseTests/Pods-MDDatabaseTargets-MDObjectDatabaseTests-frameworks.sh\"\n";
			showEnvVarsInLog = 0;
		};
/* End PBXShellScriptBuildPhase section */

/* Begin PBXSourcesBuildPhase section */
		08468FAB1FF3A6120063068C /* Sources */ = {
			isa = PBXSourcesBuildPhase;
			buildActionMask = 2147483647;
			files = (
				0834653A2072117B00840622 /* MDDCondition.m in Sources */,
				0850A3C92064C8C40022B36B /* MDDInserter.m in Sources */,
				08AD797320628DF4004122D2 /* MDDColumn.m in Sources */,
				0843783A2068A11300806964 /* MDDIndex.m in Sources */,
				0834653B2072117B00840622 /* MDDCondition+MDDConditionSet.m in Sources */,
				083465372072117B00840622 /* MDDDescriptor.m in Sources */,
				08478DE12067CE420015F09A /* MDDErrorCode.m in Sources */,
				083465402072117B00840622 /* MDDPropertyValueDescriptor.m in Sources */,
				08478DF92067FB920015F09A /* MDDatabase+MDDAccessor.m in Sources */,
				08AD798620628DFD004122D2 /* MDDConstants.m in Sources */,
				0850A3C12064C8720022B36B /* MDDUpdater.m in Sources */,
				08ECBFF920664E6F00FEA9AA /* MDDProcessor.m in Sources */,
				0850A3B52064C7DB0022B36B /* MDDSetter.m in Sources */,
				0850A3B92064C8030022B36B /* MDDSort.m in Sources */,
				08AD796B20628DF4004122D2 /* MDDTableInfo.m in Sources */,
				0850A3BD2064C82A0022B36B /* MDDQuery.m in Sources */,
				08478DF32067F46C0015F09A /* MDDatabaseCenter.m in Sources */,
				0856E6E220AAC6510063C2D5 /* MDDLogger.m in Sources */,
				08D69E30206E224500F77F7F /* MDDViewInfo.m in Sources */,
				083465382072117B00840622 /* MDDConditionSet.m in Sources */,
				0850A3C52064C8960022B36B /* MDDInsertSetter.m in Sources */,
				08478DE52067D30A0015F09A /* MDDObject.m in Sources */,
				08478DDB2067C69D0015F09A /* MDDCompat.m in Sources */,
				0856E6C420AAC5B60063C2D5 /* MDDProcessor+MDDatabase.m in Sources */,
				0850A3CD2064C9080022B36B /* MDDDeleter.m in Sources */,
				08346544207214F700840622 /* MDDDescription.m in Sources */,
				08AD797220628DF4004122D2 /* MDDatabase.m in Sources */,
				0850A3D12064C9330022B36B /* MDDFunctionQuery.m in Sources */,
				0856E6D320AAC6000063C2D5 /* MDDatabase+Executing.m in Sources */,
				08478DD32067BF710015F09A /* MDDTableConfiguration.m in Sources */,
				08AD798920628DFD004122D2 /* MDDAccessor.m in Sources */,
				084CF3A8207B5F1200AE9600 /* MDDItem.m in Sources */,
				08AD796A20628DF4004122D2 /* MDDColumnConfiguration.m in Sources */,
				08D69E34206E230900F77F7F /* MDDViewConfiguration.m in Sources */,
				0856E6E320AAC6510063C2D5 /* MDPropertyAttributes.m in Sources */,
			);
			runOnlyForDeploymentPostprocessing = 0;
		};
		08468FB51FF3A6120063068C /* Sources */ = {
			isa = PBXSourcesBuildPhase;
			buildActionMask = 2147483647;
			files = (
				0843784B206A011E00806964 /* MDDAccessorTests.m in Sources */,
				0850A4022064E7880022B36B /* MDDatabaseTestsGlobal.m in Sources */,
				08B7B339206CB2AF00BF2393 /* FMDB+MDDReferenceDatabase.m in Sources */,
				08437851206A033000806964 /* MDDColumnTests.m in Sources */,
				0843784D206A01E800806964 /* MDDProcessorTests.m in Sources */,
				08468FBF1FF3A6120063068C /* MDDatabaseTests.m in Sources */,
				0850A3FF2064E7100022B36B /* MDDConditionTests.m in Sources */,
			);
			runOnlyForDeploymentPostprocessing = 0;
		};
/* End PBXSourcesBuildPhase section */

/* Begin PBXTargetDependency section */
		08468FBC1FF3A6120063068C /* PBXTargetDependency */ = {
			isa = PBXTargetDependency;
			target = 08468FAF1FF3A6120063068C /* MDObjectDatabase */;
			targetProxy = 08468FBB1FF3A6120063068C /* PBXContainerItemProxy */;
		};
/* End PBXTargetDependency section */

/* Begin XCBuildConfiguration section */
		08468FC21FF3A6120063068C /* Debug */ = {
			isa = XCBuildConfiguration;
			buildSettings = {
				ALWAYS_SEARCH_USER_PATHS = NO;
				CLANG_ANALYZER_NONNULL = YES;
				CLANG_ANALYZER_NUMBER_OBJECT_CONVERSION = YES_AGGRESSIVE;
				CLANG_CXX_LANGUAGE_STANDARD = "gnu++14";
				CLANG_CXX_LIBRARY = "libc++";
				CLANG_ENABLE_MODULES = YES;
				CLANG_ENABLE_OBJC_ARC = YES;
				CLANG_WARN_BLOCK_CAPTURE_AUTORELEASING = YES;
				CLANG_WARN_BOOL_CONVERSION = YES;
				CLANG_WARN_COMMA = YES;
				CLANG_WARN_CONSTANT_CONVERSION = YES;
				CLANG_WARN_DEPRECATED_OBJC_IMPLEMENTATIONS = YES;
				CLANG_WARN_DIRECT_OBJC_ISA_USAGE = YES_ERROR;
				CLANG_WARN_DOCUMENTATION_COMMENTS = YES;
				CLANG_WARN_EMPTY_BODY = YES;
				CLANG_WARN_ENUM_CONVERSION = YES;
				CLANG_WARN_INFINITE_RECURSION = YES;
				CLANG_WARN_INT_CONVERSION = YES;
				CLANG_WARN_NON_LITERAL_NULL_CONVERSION = YES;
				CLANG_WARN_OBJC_IMPLICIT_RETAIN_SELF = YES;
				CLANG_WARN_OBJC_LITERAL_CONVERSION = YES;
				CLANG_WARN_OBJC_ROOT_CLASS = YES_ERROR;
				CLANG_WARN_RANGE_LOOP_ANALYSIS = YES;
				CLANG_WARN_STRICT_PROTOTYPES = YES;
				CLANG_WARN_SUSPICIOUS_MOVE = YES;
				CLANG_WARN_UNGUARDED_AVAILABILITY = YES_AGGRESSIVE;
				CLANG_WARN_UNREACHABLE_CODE = YES;
				CLANG_WARN__DUPLICATE_METHOD_MATCH = YES;
				CODE_SIGN_IDENTITY = "iPhone Developer";
				COPY_PHASE_STRIP = NO;
				CURRENT_PROJECT_VERSION = 1;
				DEBUG_INFORMATION_FORMAT = dwarf;
				ENABLE_STRICT_OBJC_MSGSEND = YES;
				ENABLE_TESTABILITY = YES;
				GCC_C_LANGUAGE_STANDARD = gnu11;
				GCC_DYNAMIC_NO_PIC = NO;
				GCC_NO_COMMON_BLOCKS = YES;
				GCC_OPTIMIZATION_LEVEL = 0;
				GCC_PREPROCESSOR_DEFINITIONS = (
					"DEBUG=1",
					"$(inherited)",
				);
				GCC_WARN_64_TO_32_BIT_CONVERSION = YES;
				GCC_WARN_ABOUT_RETURN_TYPE = YES_ERROR;
				GCC_WARN_UNDECLARED_SELECTOR = YES;
				GCC_WARN_UNINITIALIZED_AUTOS = YES_AGGRESSIVE;
				GCC_WARN_UNUSED_FUNCTION = YES;
				GCC_WARN_UNUSED_VARIABLE = YES;
				IPHONEOS_DEPLOYMENT_TARGET = 11.2;
				MTL_ENABLE_DEBUG_INFO = YES;
				ONLY_ACTIVE_ARCH = YES;
				SDKROOT = iphoneos;
				VERSIONING_SYSTEM = "apple-generic";
				VERSION_INFO_PREFIX = "";
			};
			name = Debug;
		};
		08468FC31FF3A6120063068C /* Release */ = {
			isa = XCBuildConfiguration;
			buildSettings = {
				ALWAYS_SEARCH_USER_PATHS = NO;
				CLANG_ANALYZER_NONNULL = YES;
				CLANG_ANALYZER_NUMBER_OBJECT_CONVERSION = YES_AGGRESSIVE;
				CLANG_CXX_LANGUAGE_STANDARD = "gnu++14";
				CLANG_CXX_LIBRARY = "libc++";
				CLANG_ENABLE_MODULES = YES;
				CLANG_ENABLE_OBJC_ARC = YES;
				CLANG_WARN_BLOCK_CAPTURE_AUTORELEASING = YES;
				CLANG_WARN_BOOL_CONVERSION = YES;
				CLANG_WARN_COMMA = YES;
				CLANG_WARN_CONSTANT_CONVERSION = YES;
				CLANG_WARN_DEPRECATED_OBJC_IMPLEMENTATIONS = YES;
				CLANG_WARN_DIRECT_OBJC_ISA_USAGE = YES_ERROR;
				CLANG_WARN_DOCUMENTATION_COMMENTS = YES;
				CLANG_WARN_EMPTY_BODY = YES;
				CLANG_WARN_ENUM_CONVERSION = YES;
				CLANG_WARN_INFINITE_RECURSION = YES;
				CLANG_WARN_INT_CONVERSION = YES;
				CLANG_WARN_NON_LITERAL_NULL_CONVERSION = YES;
				CLANG_WARN_OBJC_IMPLICIT_RETAIN_SELF = YES;
				CLANG_WARN_OBJC_LITERAL_CONVERSION = YES;
				CLANG_WARN_OBJC_ROOT_CLASS = YES_ERROR;
				CLANG_WARN_RANGE_LOOP_ANALYSIS = YES;
				CLANG_WARN_STRICT_PROTOTYPES = YES;
				CLANG_WARN_SUSPICIOUS_MOVE = YES;
				CLANG_WARN_UNGUARDED_AVAILABILITY = YES_AGGRESSIVE;
				CLANG_WARN_UNREACHABLE_CODE = YES;
				CLANG_WARN__DUPLICATE_METHOD_MATCH = YES;
				CODE_SIGN_IDENTITY = "iPhone Developer";
				COPY_PHASE_STRIP = NO;
				CURRENT_PROJECT_VERSION = 1;
				DEBUG_INFORMATION_FORMAT = "dwarf-with-dsym";
				ENABLE_NS_ASSERTIONS = NO;
				ENABLE_STRICT_OBJC_MSGSEND = YES;
				GCC_C_LANGUAGE_STANDARD = gnu11;
				GCC_NO_COMMON_BLOCKS = YES;
				GCC_WARN_64_TO_32_BIT_CONVERSION = YES;
				GCC_WARN_ABOUT_RETURN_TYPE = YES_ERROR;
				GCC_WARN_UNDECLARED_SELECTOR = YES;
				GCC_WARN_UNINITIALIZED_AUTOS = YES_AGGRESSIVE;
				GCC_WARN_UNUSED_FUNCTION = YES;
				GCC_WARN_UNUSED_VARIABLE = YES;
				IPHONEOS_DEPLOYMENT_TARGET = 11.2;
				MTL_ENABLE_DEBUG_INFO = NO;
				SDKROOT = iphoneos;
				VALIDATE_PRODUCT = YES;
				VERSIONING_SYSTEM = "apple-generic";
				VERSION_INFO_PREFIX = "";
			};
			name = Release;
		};
		08468FC51FF3A6120063068C /* Debug */ = {
			isa = XCBuildConfiguration;
			buildSettings = {
				CODE_SIGN_IDENTITY = "";
				CODE_SIGN_STYLE = Automatic;
				DEFINES_MODULE = YES;
				DYLIB_COMPATIBILITY_VERSION = 1;
				DYLIB_CURRENT_VERSION = 1;
				DYLIB_INSTALL_NAME_BASE = "@rpath";
				INFOPLIST_FILE = "$(SRCROOT)/Info.plist";
				INSTALL_PATH = "$(LOCAL_LIBRARY_DIR)/Frameworks";
				IPHONEOS_DEPLOYMENT_TARGET = 8.0;
				LD_RUNPATH_SEARCH_PATHS = "$(inherited) @executable_path/Frameworks @loader_path/Frameworks";
				PRODUCT_BUNDLE_IDENTIFIER = com.markejave.MDDatabase;
				PRODUCT_NAME = "$(TARGET_NAME:c99extidentifier)";
				SKIP_INSTALL = YES;
				TARGETED_DEVICE_FAMILY = "1,2";
			};
			name = Debug;
		};
		08468FC61FF3A6120063068C /* Release */ = {
			isa = XCBuildConfiguration;
			buildSettings = {
				CODE_SIGN_IDENTITY = "";
				CODE_SIGN_STYLE = Automatic;
				DEFINES_MODULE = YES;
				DYLIB_COMPATIBILITY_VERSION = 1;
				DYLIB_CURRENT_VERSION = 1;
				DYLIB_INSTALL_NAME_BASE = "@rpath";
				INFOPLIST_FILE = "$(SRCROOT)/Info.plist";
				INSTALL_PATH = "$(LOCAL_LIBRARY_DIR)/Frameworks";
				IPHONEOS_DEPLOYMENT_TARGET = 8.0;
				LD_RUNPATH_SEARCH_PATHS = "$(inherited) @executable_path/Frameworks @loader_path/Frameworks";
				PRODUCT_BUNDLE_IDENTIFIER = com.markejave.MDDatabase;
				PRODUCT_NAME = "$(TARGET_NAME:c99extidentifier)";
				SKIP_INSTALL = YES;
				TARGETED_DEVICE_FAMILY = "1,2";
			};
			name = Release;
		};
		08468FC81FF3A6120063068C /* Debug */ = {
			isa = XCBuildConfiguration;
			baseConfigurationReference = 49DE303ECEF868472DE20F33 /* Pods-MDDatabaseTargets-MDObjectDatabaseTests.debug.xcconfig */;
			buildSettings = {
				CODE_SIGN_STYLE = Automatic;
				INFOPLIST_FILE = MDObjectDatabaseTests/Info.plist;
				LD_RUNPATH_SEARCH_PATHS = "$(inherited) @executable_path/Frameworks @loader_path/Frameworks";
				PRODUCT_BUNDLE_IDENTIFIER = com.markejave.MDDatabaseTests;
				PRODUCT_NAME = "$(TARGET_NAME)";
				TARGETED_DEVICE_FAMILY = "1,2";
			};
			name = Debug;
		};
		08468FC91FF3A6120063068C /* Release */ = {
			isa = XCBuildConfiguration;
			baseConfigurationReference = 3E3A9B01D05B1BC4CBB04D9E /* Pods-MDDatabaseTargets-MDObjectDatabaseTests.release.xcconfig */;
			buildSettings = {
				CODE_SIGN_STYLE = Automatic;
				INFOPLIST_FILE = MDObjectDatabaseTests/Info.plist;
				LD_RUNPATH_SEARCH_PATHS = "$(inherited) @executable_path/Frameworks @loader_path/Frameworks";
				PRODUCT_BUNDLE_IDENTIFIER = com.markejave.MDDatabaseTests;
				PRODUCT_NAME = "$(TARGET_NAME)";
				TARGETED_DEVICE_FAMILY = "1,2";
			};
			name = Release;
		};
/* End XCBuildConfiguration section */

/* Begin XCConfigurationList section */
		08468FAA1FF3A6120063068C /* Build configuration list for PBXProject "MDObjectDatabase" */ = {
			isa = XCConfigurationList;
			buildConfigurations = (
				08468FC21FF3A6120063068C /* Debug */,
				08468FC31FF3A6120063068C /* Release */,
			);
			defaultConfigurationIsVisible = 0;
			defaultConfigurationName = Release;
		};
		08468FC41FF3A6120063068C /* Build configuration list for PBXNativeTarget "MDObjectDatabase" */ = {
			isa = XCConfigurationList;
			buildConfigurations = (
				08468FC51FF3A6120063068C /* Debug */,
				08468FC61FF3A6120063068C /* Release */,
			);
			defaultConfigurationIsVisible = 0;
			defaultConfigurationName = Release;
		};
		08468FC71FF3A6120063068C /* Build configuration list for PBXNativeTarget "MDObjectDatabaseTests" */ = {
			isa = XCConfigurationList;
			buildConfigurations = (
				08468FC81FF3A6120063068C /* Debug */,
				08468FC91FF3A6120063068C /* Release */,
			);
			defaultConfigurationIsVisible = 0;
			defaultConfigurationName = Release;
		};
/* End XCConfigurationList section */
	};
	rootObject = 08468FA71FF3A6120063068C /* Project object */;
}
